
Microsoft Visual Studio Solution File, Format Version 12.00
# Visual Studio Version 16
VisualStudioVersion = 16.0.29409.12
MinimumVisualStudioVersion = 10.0.40219.1
Project("{FAE04EC0-301F-11D3-BF4B-00C04F79EFBC}") = "PictureGuessingGame", "PictureGuessingGame\PictureGuessingGame.csproj", "{2713EA8A-2F59-4F07-BEB6-FAC9220FE1F8}"
EndProject
Global
	GlobalSection(SolutionConfigurationPlatforms) = preSolution
		Debug|Any CPU = Debug|Any CPU
		Release|Any CPU = Release|Any CPU
	EndGlobalSection
	GlobalSection(ProjectConfigurationPlatforms) = postSolution
		{2713EA8A-2F59-4F07-BEB6-FAC9220FE1F8}.Debug|Any CPU.ActiveCfg = Debug|Any CPU
		{2713EA8A-2F59-4F07-BEB6-FAC9220FE1F8}.Debug|Any CPU.Build.0 = Debug|Any CPU
		{2713EA8A-2F59-4F07-BEB6-FAC9220FE1F8}.Release|Any CPU.ActiveCfg = Release|Any CPU
		{2713EA8A-2F59-4F07-BEB6-FAC9220FE1F8}.Release|Any CPU.Build.0 = Release|Any CPU
	EndGlobalSection
	GlobalSection(SolutionProperties) = preSolution
		HideSolutionNode = FALSE
	EndGlobalSection
	GlobalSection(ExtensibilityGlobals) = postSolution
		SolutionGuid = {D2330F71-EF67-4333-813F-F93D64CEB10A}
	EndGlobalSection
EndGlobal
